<Solution>
  <Folder Name="/Solution Items/">
    <File Path="../claude.md" />
    <File Path="../readme.md" />
    <File Path="appveyor.yml" />
    <File Path="Directory.Build.props" />
    <File Path="Directory.Packages.props" />
    <File Path="global.json" />
    <File Path="mdsnippets.json" />
    <File Path="msbuild-config.include.xml" />
    <File Path="msbuild-full.include.xml" />
  </Folder>
  <Project Path="AssemblyToInclude/AssemblyToInclude.csproj" />
  <Project Path="AssemblyToProcess/AssemblyToProcess.csproj">
    <BuildDependency Project="PackageShader.MsBuild/PackageShader.MsBuild.csproj" />
  </Project>
  <Project Path="AssemblyWithEmbeddedSymbols/AssemblyWithEmbeddedSymbols.csproj" />
  <Project Path="AssemblyWithNoStrongName/AssemblyWithNoStrongName.csproj" />
  <Project Path="AssemblyWithNoSymbols/AssemblyWithNoSymbols.csproj" />
  <Project Path="AssemblyWithPdb/AssemblyWithPdb.csproj" />
  <Project Path="AssemblyWithResources/AssemblyWithResources.csproj" />
  <Project Path="AssemblyWithStaticFields/AssemblyWithStaticFields.csproj" />
  <Project Path="AssemblyWithStrongName/AssemblyWithStrongName.csproj" />
  <Project Path="DummyAssembly/DummyAssembly.csproj" />
  <Project Path="PackageShader.MsBuild/PackageShader.MsBuild.csproj" />
  <Project Path="PackageShader/PackageShader.csproj" />
  <Project Path="PackageShaderTool/PackageShaderTool.csproj" />
  <Project Path="SampleApp/SampleApp.csproj">
    <BuildDependency Project="PackageShaderTool/PackageShaderTool.csproj" />
  </Project>
  <Project Path="SampleAppForMsBuild/SampleAppForMsBuild.csproj">
    <BuildDependency Project="PackageShader.MsBuild/PackageShader.MsBuild.csproj" />
  </Project>
  <Project Path="Tests/Tests.csproj">
    <BuildDependency Project="SampleApp/SampleApp.csproj" />
  </Project>
  <Properties Name="MonoDevelopProperties">
    <Property Name="StartupItem" Value="Fody\Fody.csproj" />
  </Properties>
</Solution>
